
Microsoft Visual Studio Solution File, Format Version 12.00
# Visual Studio Version 17
VisualStudioVersion = 17.7.34031.279
MinimumVisualStudioVersion = 10.0.40219.1
Project("{FAE04EC0-301F-11D3-BF4B-00C04F79EFBC}") = "proyec3", "proyec3\proyec3.csproj", "{FE2FA999-2576-4D58-AFBD-D776A759CD89}"
EndProject
Global
	GlobalSection(SolutionConfigurationPlatforms) = preSolution
		Debug|Any CPU = Debug|Any CPU
		Release|Any CPU = Release|Any CPU
	EndGlobalSection
	GlobalSection(ProjectConfigurationPlatforms) = postSolution
		{FE2FA999-2576-4D58-AFBD-D776A759CD89}.Debug|Any CPU.ActiveCfg = Debug|Any CPU
		{FE2FA999-2576-4D58-AFBD-D776A759CD89}.Debug|Any CPU.Build.0 = Debug|Any CPU
		{FE2FA999-2576-4D58-AFBD-D776A759CD89}.Release|Any CPU.ActiveCfg = Release|Any CPU
		{FE2FA999-2576-4D58-AFBD-D776A759CD89}.Release|Any CPU.Build.0 = Release|Any CPU
	EndGlobalSection
	GlobalSection(SolutionProperties) = preSolution
		HideSolutionNode = FALSE
	EndGlobalSection
	GlobalSection(ExtensibilityGlobals) = postSolution
		SolutionGuid = {67F6637D-463A-4664-871C-82AB3721D6E9}
	EndGlobalSection
EndGlobal
