
Microsoft Visual Studio Solution File, Format Version 12.00
# Visual Studio Version 17
VisualStudioVersion = 17.7.34031.279
MinimumVisualStudioVersion = 10.0.40219.1
Project("{FAE04EC0-301F-11D3-BF4B-00C04F79EFBC}") = "proyec2", "proyec2\proyec2.csproj", "{79343655-BA13-4A10-BB37-87CC84946BAD}"
EndProject
Global
	GlobalSection(SolutionConfigurationPlatforms) = preSolution
		Debug|Any CPU = Debug|Any CPU
		Release|Any CPU = Release|Any CPU
	EndGlobalSection
	GlobalSection(ProjectConfigurationPlatforms) = postSolution
		{79343655-BA13-4A10-BB37-87CC84946BAD}.Debug|Any CPU.ActiveCfg = Debug|Any CPU
		{79343655-BA13-4A10-BB37-87CC84946BAD}.Debug|Any CPU.Build.0 = Debug|Any CPU
		{79343655-BA13-4A10-BB37-87CC84946BAD}.Release|Any CPU.ActiveCfg = Release|Any CPU
		{79343655-BA13-4A10-BB37-87CC84946BAD}.Release|Any CPU.Build.0 = Release|Any CPU
	EndGlobalSection
	GlobalSection(SolutionProperties) = preSolution
		HideSolutionNode = FALSE
	EndGlobalSection
	GlobalSection(ExtensibilityGlobals) = postSolution
		SolutionGuid = {26EEAAB8-EC2D-4584-9EF0-43E0D98A34E1}
	EndGlobalSection
EndGlobal
